
Microsoft Visual Studio Solution File, Format Version 12.00
# Visual Studio Version 17
VisualStudioVersion = 17.1.32319.34
MinimumVisualStudioVersion = 10.0.40219.1
Project("{2150E333-8FDC-42A3-9474-1A3956D46DE8}") = "Solution Items", "Solution Items", "{7B60254D-60A0-474F-BE4F-1284C01F4EE0}"
	ProjectSection(SolutionItems) = preProject
		Stylecop.json = Stylecop.json
	EndProjectSection
EndProject
Project("{2150E333-8FDC-42A3-9474-1A3956D46DE8}") = "Models", "Models", "{78DC43CF-AD42-4AC8-A574-5EB47B55E320}"
EndProject
Project("{9A19103F-16F7-4668-BE54-9A1E7A4F7556}") = "Kangaroo.Models", "Kangaroo.Models\Kangaroo.Models.csproj", "{99B46C65-CAF2-4D0C-A7BB-C9F695746D91}"
EndProject
Project("{9A19103F-16F7-4668-BE54-9A1E7A4F7556}") = "Kangaroo.Models.Entities", "Kangaroo.Models.Entities\Kangaroo.Models.Entities.csproj", "{8DD9BFCD-C665-4E59-9659-0767A7127D77}"
EndProject
Project("{9A19103F-16F7-4668-BE54-9A1E7A4F7556}") = "Kangaroo.Models.DatabaseEntities", "Kangaroo.Models.DatabaseEntities\Kangaroo.Models.DatabaseEntities.csproj", "{3694255F-A233-4D40-B46B-598E79510B33}"
EndProject
Project("{2150E333-8FDC-42A3-9474-1A3956D46DE8}") = "CodeGenerators", "CodeGenerators", "{D72C72F6-47F5-4C00-B108-3E1E7C6CBDB5}"
EndProject
Project("{9A19103F-16F7-4668-BE54-9A1E7A4F7556}") = "Kangaroo.CodeGenerators", "Kangaroo.CodeGenerators\Kangaroo.CodeGenerators.csproj", "{131335FE-DF36-428D-8F07-B90233559012}"
EndProject
Project("{2150E333-8FDC-42A3-9474-1A3956D46DE8}") = "DatabaseRepositories", "DatabaseRepositories", "{45522AF8-8ED9-49C9-9929-BDCD302DBB45}"
EndProject
Project("{9A19103F-16F7-4668-BE54-9A1E7A4F7556}") = "Kangaroo.Infrastructure.DatabaseRepositories", "Kangaroo.Infrastructure.DatabaseRepositories\Kangaroo.Infrastructure.DatabaseRepositories.csproj", "{791F2A05-6E7F-4C50-BF90-2D5E8DD4F6C6}"
EndProject
Project("{9A19103F-16F7-4668-BE54-9A1E7A4F7556}") = "Kangaroo.CodeGenerators.Tests", "Kangaroo.CodeGenerators.Tests\Kangaroo.CodeGenerators.Tests.csproj", "{99FB9C8B-7EFD-464E-91AA-5FF57555D8F9}"
EndProject
Project("{2150E333-8FDC-42A3-9474-1A3956D46DE8}") = "src", "src", "{0FC95B2F-ED7E-49D6-98E8-14AB60CC663D}"
EndProject
Project("{2150E333-8FDC-42A3-9474-1A3956D46DE8}") = "playground", "playground", "{EFCA1B58-BA4E-4DA8-8200-AB5A3F1D02C1}"
EndProject
Project("{9A19103F-16F7-4668-BE54-9A1E7A4F7556}") = "Kangaroo.Playground.API", "Kangaroo.Playground.API\Kangaroo.Playground.API.csproj", "{9A4DED3A-B94C-4112-84D0-89DAC8FA8EB9}"
EndProject
Project("{2150E333-8FDC-42A3-9474-1A3956D46DE8}") = "Services", "Services", "{93603056-E4E3-4D07-94E8-1CC0A5164C6A}"
EndProject
Project("{9A19103F-16F7-4668-BE54-9A1E7A4F7556}") = "Kangaroo.Services", "Kangaroo.Services\Kangaroo.Services.csproj", "{B3E37295-3E28-4EE6-B523-434D13B7468C}"
EndProject
Project("{2150E333-8FDC-42A3-9474-1A3956D46DE8}") = "Exceptions", "Exceptions", "{CB0C2E4C-3B7F-41E8-B699-1634554E80E5}"
EndProject
Project("{9A19103F-16F7-4668-BE54-9A1E7A4F7556}") = "Kangaroo.Exceptions", "Kangaroo.Exceptions\Kangaroo.Exceptions.csproj", "{A711DF0C-923F-4A89-B21A-0E21329F88FF}"
EndProject
Project("{2150E333-8FDC-42A3-9474-1A3956D46DE8}") = "API", "API", "{844AA63B-24BF-46C6-B5C0-6ED8C1822A2A}"
EndProject
Project("{9A19103F-16F7-4668-BE54-9A1E7A4F7556}") = "Kangaroo.API", "Kangaroo.API\Kangaroo.API.csproj", "{0E3E3F66-A007-4FDA-8776-EC90DFFA8508}"
EndProject
Project("{9A19103F-16F7-4668-BE54-9A1E7A4F7556}") = "Kangaroo.Playground.WEB", "Kangaroo.Playground.WEB\Kangaroo.Playground.WEB.csproj", "{0F1B42C4-5883-4566-AC52-041973FC427A}"
EndProject
Project("{9A19103F-16F7-4668-BE54-9A1E7A4F7556}") = "Kangaroo.APIClient", "Kangaroo.APIClient\Kangaroo.APIClient.csproj", "{7E9EC74F-0F23-44C7-8465-87817F766382}"
EndProject
Project("{9A19103F-16F7-4668-BE54-9A1E7A4F7556}") = "Kangaroo.Playground.Tests", "Kangaroo.Playground.Tests\Kangaroo.Playground.Tests.csproj", "{101E80DD-7E8E-4C5D-8A51-6895FDC6FD5B}"
EndProject
Project("{FAE04EC0-301F-11D3-BF4B-00C04F79EFBC}") = "Kangaroo.Models.OptionsSettings", "Kangaroo.Models.OptionsSettings\Kangaroo.Models.OptionsSettings.csproj", "{D1164A09-C8C7-4061-B207-E25F56AEB5A6}"
EndProject
Project("{FAE04EC0-301F-11D3-BF4B-00C04F79EFBC}") = "Kangaroo.Models.CacheKeys", "Kangaroo.Models.CacheKeys\Kangaroo.Models.CacheKeys.csproj", "{8A1E810B-D139-4CA4-BC9F-9F756984C28E}"
EndProject
Project("{FAE04EC0-301F-11D3-BF4B-00C04F79EFBC}") = "Kangaroo.Models.Claims", "Kangaroo.Models.Claims\Kangaroo.Models.Claims.csproj", "{987F1FE6-998B-412B-BC52-2F260F9C2444}"
EndProject
Global
	GlobalSection(SolutionConfigurationPlatforms) = preSolution
		Debug|Any CPU = Debug|Any CPU
		Release|Any CPU = Release|Any CPU
	EndGlobalSection
	GlobalSection(ProjectConfigurationPlatforms) = postSolution
		{99B46C65-CAF2-4D0C-A7BB-C9F695746D91}.Debug|Any CPU.ActiveCfg = Debug|Any CPU
		{99B46C65-CAF2-4D0C-A7BB-C9F695746D91}.Debug|Any CPU.Build.0 = Debug|Any CPU
		{99B46C65-CAF2-4D0C-A7BB-C9F695746D91}.Release|Any CPU.ActiveCfg = Release|Any CPU
		{99B46C65-CAF2-4D0C-A7BB-C9F695746D91}.Release|Any CPU.Build.0 = Release|Any CPU
		{8DD9BFCD-C665-4E59-9659-0767A7127D77}.Debug|Any CPU.ActiveCfg = Debug|Any CPU
		{8DD9BFCD-C665-4E59-9659-0767A7127D77}.Debug|Any CPU.Build.0 = Debug|Any CPU
		{8DD9BFCD-C665-4E59-9659-0767A7127D77}.Release|Any CPU.ActiveCfg = Release|Any CPU
		{8DD9BFCD-C665-4E59-9659-0767A7127D77}.Release|Any CPU.Build.0 = Release|Any CPU
		{3694255F-A233-4D40-B46B-598E79510B33}.Debug|Any CPU.ActiveCfg = Debug|Any CPU
		{3694255F-A233-4D40-B46B-598E79510B33}.Debug|Any CPU.Build.0 = Debug|Any CPU
		{3694255F-A233-4D40-B46B-598E79510B33}.Release|Any CPU.ActiveCfg = Release|Any CPU
		{3694255F-A233-4D40-B46B-598E79510B33}.Release|Any CPU.Build.0 = Release|Any CPU
		{131335FE-DF36-428D-8F07-B90233559012}.Debug|Any CPU.ActiveCfg = Debug|Any CPU
		{131335FE-DF36-428D-8F07-B90233559012}.Debug|Any CPU.Build.0 = Debug|Any CPU
		{131335FE-DF36-428D-8F07-B90233559012}.Release|Any CPU.ActiveCfg = Release|Any CPU
		{131335FE-DF36-428D-8F07-B90233559012}.Release|Any CPU.Build.0 = Release|Any CPU
		{791F2A05-6E7F-4C50-BF90-2D5E8DD4F6C6}.Debug|Any CPU.ActiveCfg = Debug|Any CPU
		{791F2A05-6E7F-4C50-BF90-2D5E8DD4F6C6}.Debug|Any CPU.Build.0 = Debug|Any CPU
		{791F2A05-6E7F-4C50-BF90-2D5E8DD4F6C6}.Release|Any CPU.ActiveCfg = Release|Any CPU
		{791F2A05-6E7F-4C50-BF90-2D5E8DD4F6C6}.Release|Any CPU.Build.0 = Release|Any CPU
		{99FB9C8B-7EFD-464E-91AA-5FF57555D8F9}.Debug|Any CPU.ActiveCfg = Debug|Any CPU
		{99FB9C8B-7EFD-464E-91AA-5FF57555D8F9}.Debug|Any CPU.Build.0 = Debug|Any CPU
		{99FB9C8B-7EFD-464E-91AA-5FF57555D8F9}.Release|Any CPU.ActiveCfg = Release|Any CPU
		{99FB9C8B-7EFD-464E-91AA-5FF57555D8F9}.Release|Any CPU.Build.0 = Release|Any CPU
		{9A4DED3A-B94C-4112-84D0-89DAC8FA8EB9}.Debug|Any CPU.ActiveCfg = Debug|Any CPU
		{9A4DED3A-B94C-4112-84D0-89DAC8FA8EB9}.Debug|Any CPU.Build.0 = Debug|Any CPU
		{9A4DED3A-B94C-4112-84D0-89DAC8FA8EB9}.Release|Any CPU.ActiveCfg = Release|Any CPU
		{9A4DED3A-B94C-4112-84D0-89DAC8FA8EB9}.Release|Any CPU.Build.0 = Release|Any CPU
		{B3E37295-3E28-4EE6-B523-434D13B7468C}.Debug|Any CPU.ActiveCfg = Debug|Any CPU
		{B3E37295-3E28-4EE6-B523-434D13B7468C}.Debug|Any CPU.Build.0 = Debug|Any CPU
		{B3E37295-3E28-4EE6-B523-434D13B7468C}.Release|Any CPU.ActiveCfg = Release|Any CPU
		{B3E37295-3E28-4EE6-B523-434D13B7468C}.Release|Any CPU.Build.0 = Release|Any CPU
		{A711DF0C-923F-4A89-B21A-0E21329F88FF}.Debug|Any CPU.ActiveCfg = Debug|Any CPU
		{A711DF0C-923F-4A89-B21A-0E21329F88FF}.Debug|Any CPU.Build.0 = Debug|Any CPU
		{A711DF0C-923F-4A89-B21A-0E21329F88FF}.Release|Any CPU.ActiveCfg = Release|Any CPU
		{A711DF0C-923F-4A89-B21A-0E21329F88FF}.Release|Any CPU.Build.0 = Release|Any CPU
		{0E3E3F66-A007-4FDA-8776-EC90DFFA8508}.Debug|Any CPU.ActiveCfg = Debug|Any CPU
		{0E3E3F66-A007-4FDA-8776-EC90DFFA8508}.Debug|Any CPU.Build.0 = Debug|Any CPU
		{0E3E3F66-A007-4FDA-8776-EC90DFFA8508}.Release|Any CPU.ActiveCfg = Release|Any CPU
		{0E3E3F66-A007-4FDA-8776-EC90DFFA8508}.Release|Any CPU.Build.0 = Release|Any CPU
		{0F1B42C4-5883-4566-AC52-041973FC427A}.Debug|Any CPU.ActiveCfg = Debug|Any CPU
		{0F1B42C4-5883-4566-AC52-041973FC427A}.Debug|Any CPU.Build.0 = Debug|Any CPU
		{0F1B42C4-5883-4566-AC52-041973FC427A}.Release|Any CPU.ActiveCfg = Release|Any CPU
		{0F1B42C4-5883-4566-AC52-041973FC427A}.Release|Any CPU.Build.0 = Release|Any CPU
		{7E9EC74F-0F23-44C7-8465-87817F766382}.Debug|Any CPU.ActiveCfg = Debug|Any CPU
		{7E9EC74F-0F23-44C7-8465-87817F766382}.Debug|Any CPU.Build.0 = Debug|Any CPU
		{7E9EC74F-0F23-44C7-8465-87817F766382}.Release|Any CPU.ActiveCfg = Release|Any CPU
		{7E9EC74F-0F23-44C7-8465-87817F766382}.Release|Any CPU.Build.0 = Release|Any CPU
		{101E80DD-7E8E-4C5D-8A51-6895FDC6FD5B}.Debug|Any CPU.ActiveCfg = Debug|Any CPU
		{101E80DD-7E8E-4C5D-8A51-6895FDC6FD5B}.Debug|Any CPU.Build.0 = Debug|Any CPU
		{101E80DD-7E8E-4C5D-8A51-6895FDC6FD5B}.Release|Any CPU.ActiveCfg = Release|Any CPU
		{101E80DD-7E8E-4C5D-8A51-6895FDC6FD5B}.Release|Any CPU.Build.0 = Release|Any CPU
		{D1164A09-C8C7-4061-B207-E25F56AEB5A6}.Debug|Any CPU.ActiveCfg = Debug|Any CPU
		{D1164A09-C8C7-4061-B207-E25F56AEB5A6}.Debug|Any CPU.Build.0 = Debug|Any CPU
		{D1164A09-C8C7-4061-B207-E25F56AEB5A6}.Release|Any CPU.ActiveCfg = Release|Any CPU
		{D1164A09-C8C7-4061-B207-E25F56AEB5A6}.Release|Any CPU.Build.0 = Release|Any CPU
		{8A1E810B-D139-4CA4-BC9F-9F756984C28E}.Debug|Any CPU.ActiveCfg = Debug|Any CPU
		{8A1E810B-D139-4CA4-BC9F-9F756984C28E}.Debug|Any CPU.Build.0 = Debug|Any CPU
		{8A1E810B-D139-4CA4-BC9F-9F756984C28E}.Release|Any CPU.ActiveCfg = Release|Any CPU
		{8A1E810B-D139-4CA4-BC9F-9F756984C28E}.Release|Any CPU.Build.0 = Release|Any CPU
		{987F1FE6-998B-412B-BC52-2F260F9C2444}.Debug|Any CPU.ActiveCfg = Debug|Any CPU
		{987F1FE6-998B-412B-BC52-2F260F9C2444}.Debug|Any CPU.Build.0 = Debug|Any CPU
		{987F1FE6-998B-412B-BC52-2F260F9C2444}.Release|Any CPU.ActiveCfg = Release|Any CPU
		{987F1FE6-998B-412B-BC52-2F260F9C2444}.Release|Any CPU.Build.0 = Release|Any CPU
	EndGlobalSection
	GlobalSection(SolutionProperties) = preSolution
		HideSolutionNode = FALSE
	EndGlobalSection
	GlobalSection(NestedProjects) = preSolution
		{78DC43CF-AD42-4AC8-A574-5EB47B55E320} = {0FC95B2F-ED7E-49D6-98E8-14AB60CC663D}
		{99B46C65-CAF2-4D0C-A7BB-C9F695746D91} = {78DC43CF-AD42-4AC8-A574-5EB47B55E320}
		{8DD9BFCD-C665-4E59-9659-0767A7127D77} = {78DC43CF-AD42-4AC8-A574-5EB47B55E320}
		{3694255F-A233-4D40-B46B-598E79510B33} = {78DC43CF-AD42-4AC8-A574-5EB47B55E320}
		{D72C72F6-47F5-4C00-B108-3E1E7C6CBDB5} = {0FC95B2F-ED7E-49D6-98E8-14AB60CC663D}
		{131335FE-DF36-428D-8F07-B90233559012} = {D72C72F6-47F5-4C00-B108-3E1E7C6CBDB5}
		{45522AF8-8ED9-49C9-9929-BDCD302DBB45} = {0FC95B2F-ED7E-49D6-98E8-14AB60CC663D}
		{791F2A05-6E7F-4C50-BF90-2D5E8DD4F6C6} = {45522AF8-8ED9-49C9-9929-BDCD302DBB45}
		{99FB9C8B-7EFD-464E-91AA-5FF57555D8F9} = {D72C72F6-47F5-4C00-B108-3E1E7C6CBDB5}
		{9A4DED3A-B94C-4112-84D0-89DAC8FA8EB9} = {EFCA1B58-BA4E-4DA8-8200-AB5A3F1D02C1}
		{93603056-E4E3-4D07-94E8-1CC0A5164C6A} = {0FC95B2F-ED7E-49D6-98E8-14AB60CC663D}
		{B3E37295-3E28-4EE6-B523-434D13B7468C} = {93603056-E4E3-4D07-94E8-1CC0A5164C6A}
		{CB0C2E4C-3B7F-41E8-B699-1634554E80E5} = {0FC95B2F-ED7E-49D6-98E8-14AB60CC663D}
		{A711DF0C-923F-4A89-B21A-0E21329F88FF} = {CB0C2E4C-3B7F-41E8-B699-1634554E80E5}
		{844AA63B-24BF-46C6-B5C0-6ED8C1822A2A} = {0FC95B2F-ED7E-49D6-98E8-14AB60CC663D}
		{0E3E3F66-A007-4FDA-8776-EC90DFFA8508} = {844AA63B-24BF-46C6-B5C0-6ED8C1822A2A}
		{0F1B42C4-5883-4566-AC52-041973FC427A} = {EFCA1B58-BA4E-4DA8-8200-AB5A3F1D02C1}
		{7E9EC74F-0F23-44C7-8465-87817F766382} = {844AA63B-24BF-46C6-B5C0-6ED8C1822A2A}
		{101E80DD-7E8E-4C5D-8A51-6895FDC6FD5B} = {EFCA1B58-BA4E-4DA8-8200-AB5A3F1D02C1}
		{D1164A09-C8C7-4061-B207-E25F56AEB5A6} = {78DC43CF-AD42-4AC8-A574-5EB47B55E320}
		{8A1E810B-D139-4CA4-BC9F-9F756984C28E} = {78DC43CF-AD42-4AC8-A574-5EB47B55E320}
		{987F1FE6-998B-412B-BC52-2F260F9C2444} = {78DC43CF-AD42-4AC8-A574-5EB47B55E320}
	EndGlobalSection
	GlobalSection(ExtensibilityGlobals) = postSolution
		SolutionGuid = {6B6DD020-B2B0-455B-8C59-C0EF80AABBF5}
	EndGlobalSection
EndGlobal
